
Microsoft Visual Studio Solution File, Format Version 12.00
# Visual Studio Version 16
VisualStudioVersion = 16.0.31129.286
MinimumVisualStudioVersion = 10.0.40219.1
Project("{FAE04EC0-301F-11D3-BF4B-00C04F79EFBC}") = "PrimeNumbers.UWP", "PrimeNumbers\PrimeNumbers.UWP\PrimeNumbers.UWP.csproj", "{41B8847E-1F52-4C97-9CF6-E1BAE9A59E9A}"
EndProject
Project("{FAE04EC0-301F-11D3-BF4B-00C04F79EFBC}") = "PrimeNumbers.Android", "PrimeNumbers\PrimeNumbers.Android\PrimeNumbers.Android.csproj", "{B0BDA0D9-5DAC-4059-B09B-9A2422BD2FAD}"
EndProject
Project("{FAE04EC0-301F-11D3-BF4B-00C04F79EFBC}") = "PrimeNumbers.iOS", "PrimeNumbers\PrimeNumbers.iOS\PrimeNumbers.iOS.csproj", "{054E64B6-9D83-47F2-AC50-15EB6AAD1FD9}"
EndProject
Project("{FAE04EC0-301F-11D3-BF4B-00C04F79EFBC}") = "PrimeNumbers", "PrimeNumbers\PrimeNumbers\PrimeNumbers.csproj", "{D32A60A9-9AC1-427A-8EF5-12C93859743A}"
EndProject
Global
	GlobalSection(SolutionConfigurationPlatforms) = preSolution
		Debug|Any CPU = Debug|Any CPU
		Debug|ARM = Debug|ARM
		Debug|iPhone = Debug|iPhone
		Debug|iPhoneSimulator = Debug|iPhoneSimulator
		Debug|x64 = Debug|x64
		Debug|x86 = Debug|x86
		Release|Any CPU = Release|Any CPU
		Release|ARM = Release|ARM
		Release|iPhone = Release|iPhone
		Release|iPhoneSimulator = Release|iPhoneSimulator
		Release|x64 = Release|x64
		Release|x86 = Release|x86
	EndGlobalSection
	GlobalSection(ProjectConfigurationPlatforms) = postSolution
		{41B8847E-1F52-4C97-9CF6-E1BAE9A59E9A}.Debug|Any CPU.ActiveCfg = Debug|x86
		{41B8847E-1F52-4C97-9CF6-E1BAE9A59E9A}.Debug|Any CPU.Build.0 = Debug|x86
		{41B8847E-1F52-4C97-9CF6-E1BAE9A59E9A}.Debug|Any CPU.Deploy.0 = Debug|x86
		{41B8847E-1F52-4C97-9CF6-E1BAE9A59E9A}.Debug|ARM.ActiveCfg = Debug|ARM
		{41B8847E-1F52-4C97-9CF6-E1BAE9A59E9A}.Debug|ARM.Build.0 = Debug|ARM
		{41B8847E-1F52-4C97-9CF6-E1BAE9A59E9A}.Debug|ARM.Deploy.0 = Debug|ARM
		{41B8847E-1F52-4C97-9CF6-E1BAE9A59E9A}.Debug|iPhone.ActiveCfg = Debug|x86
		{41B8847E-1F52-4C97-9CF6-E1BAE9A59E9A}.Debug|iPhone.Build.0 = Debug|x86
		{41B8847E-1F52-4C97-9CF6-E1BAE9A59E9A}.Debug|iPhone.Deploy.0 = Debug|x86
		{41B8847E-1F52-4C97-9CF6-E1BAE9A59E9A}.Debug|iPhoneSimulator.ActiveCfg = Debug|x86
		{41B8847E-1F52-4C97-9CF6-E1BAE9A59E9A}.Debug|iPhoneSimulator.Build.0 = Debug|x86
		{41B8847E-1F52-4C97-9CF6-E1BAE9A59E9A}.Debug|iPhoneSimulator.Deploy.0 = Debug|x86
		{41B8847E-1F52-4C97-9CF6-E1BAE9A59E9A}.Debug|x64.ActiveCfg = Debug|x64
		{41B8847E-1F52-4C97-9CF6-E1BAE9A59E9A}.Debug|x64.Build.0 = Debug|x64
		{41B8847E-1F52-4C97-9CF6-E1BAE9A59E9A}.Debug|x64.Deploy.0 = Debug|x64
		{41B8847E-1F52-4C97-9CF6-E1BAE9A59E9A}.Debug|x86.ActiveCfg = Debug|x86
		{41B8847E-1F52-4C97-9CF6-E1BAE9A59E9A}.Debug|x86.Build.0 = Debug|x86
		{41B8847E-1F52-4C97-9CF6-E1BAE9A59E9A}.Debug|x86.Deploy.0 = Debug|x86
		{41B8847E-1F52-4C97-9CF6-E1BAE9A59E9A}.Release|Any CPU.ActiveCfg = Release|x86
		{41B8847E-1F52-4C97-9CF6-E1BAE9A59E9A}.Release|Any CPU.Build.0 = Release|x86
		{41B8847E-1F52-4C97-9CF6-E1BAE9A59E9A}.Release|Any CPU.Deploy.0 = Release|x86
		{41B8847E-1F52-4C97-9CF6-E1BAE9A59E9A}.Release|ARM.ActiveCfg = Release|ARM
		{41B8847E-1F52-4C97-9CF6-E1BAE9A59E9A}.Release|ARM.Build.0 = Release|ARM
		{41B8847E-1F52-4C97-9CF6-E1BAE9A59E9A}.Release|ARM.Deploy.0 = Release|ARM
		{41B8847E-1F52-4C97-9CF6-E1BAE9A59E9A}.Release|iPhone.ActiveCfg = Release|x86
		{41B8847E-1F52-4C97-9CF6-E1BAE9A59E9A}.Release|iPhone.Build.0 = Release|x86
		{41B8847E-1F52-4C97-9CF6-E1BAE9A59E9A}.Release|iPhone.Deploy.0 = Release|x86
		{41B8847E-1F52-4C97-9CF6-E1BAE9A59E9A}.Release|iPhoneSimulator.ActiveCfg = Release|x86
		{41B8847E-1F52-4C97-9CF6-E1BAE9A59E9A}.Release|iPhoneSimulator.Build.0 = Release|x86
		{41B8847E-1F52-4C97-9CF6-E1BAE9A59E9A}.Release|iPhoneSimulator.Deploy.0 = Release|x86
		{41B8847E-1F52-4C97-9CF6-E1BAE9A59E9A}.Release|x64.ActiveCfg = Release|x64
		{41B8847E-1F52-4C97-9CF6-E1BAE9A59E9A}.Release|x64.Build.0 = Release|x64
		{41B8847E-1F52-4C97-9CF6-E1BAE9A59E9A}.Release|x64.Deploy.0 = Release|x64
		{41B8847E-1F52-4C97-9CF6-E1BAE9A59E9A}.Release|x86.ActiveCfg = Release|x86
		{41B8847E-1F52-4C97-9CF6-E1BAE9A59E9A}.Release|x86.Build.0 = Release|x86
		{41B8847E-1F52-4C97-9CF6-E1BAE9A59E9A}.Release|x86.Deploy.0 = Release|x86
		{B0BDA0D9-5DAC-4059-B09B-9A2422BD2FAD}.Debug|Any CPU.ActiveCfg = Debug|Any CPU
		{B0BDA0D9-5DAC-4059-B09B-9A2422BD2FAD}.Debug|Any CPU.Build.0 = Debug|Any CPU
		{B0BDA0D9-5DAC-4059-B09B-9A2422BD2FAD}.Debug|Any CPU.Deploy.0 = Debug|Any CPU
		{B0BDA0D9-5DAC-4059-B09B-9A2422BD2FAD}.Debug|ARM.ActiveCfg = Debug|Any CPU
		{B0BDA0D9-5DAC-4059-B09B-9A2422BD2FAD}.Debug|ARM.Build.0 = Debug|Any CPU
		{B0BDA0D9-5DAC-4059-B09B-9A2422BD2FAD}.Debug|ARM.Deploy.0 = Debug|Any CPU
		{B0BDA0D9-5DAC-4059-B09B-9A2422BD2FAD}.Debug|iPhone.ActiveCfg = Debug|Any CPU
		{B0BDA0D9-5DAC-4059-B09B-9A2422BD2FAD}.Debug|iPhone.Build.0 = Debug|Any CPU
		{B0BDA0D9-5DAC-4059-B09B-9A2422BD2FAD}.Debug|iPhone.Deploy.0 = Debug|Any CPU
		{B0BDA0D9-5DAC-4059-B09B-9A2422BD2FAD}.Debug|iPhoneSimulator.ActiveCfg = Debug|Any CPU
		{B0BDA0D9-5DAC-4059-B09B-9A2422BD2FAD}.Debug|iPhoneSimulator.Build.0 = Debug|Any CPU
		{B0BDA0D9-5DAC-4059-B09B-9A2422BD2FAD}.Debug|iPhoneSimulator.Deploy.0 = Debug|Any CPU
		{B0BDA0D9-5DAC-4059-B09B-9A2422BD2FAD}.Debug|x64.ActiveCfg = Debug|Any CPU
		{B0BDA0D9-5DAC-4059-B09B-9A2422BD2FAD}.Debug|x64.Build.0 = Debug|Any CPU
		{B0BDA0D9-5DAC-4059-B09B-9A2422BD2FAD}.Debug|x64.Deploy.0 = Debug|Any CPU
		{B0BDA0D9-5DAC-4059-B09B-9A2422BD2FAD}.Debug|x86.ActiveCfg = Debug|Any CPU
		{B0BDA0D9-5DAC-4059-B09B-9A2422BD2FAD}.Debug|x86.Build.0 = Debug|Any CPU
		{B0BDA0D9-5DAC-4059-B09B-9A2422BD2FAD}.Debug|x86.Deploy.0 = Debug|Any CPU
		{B0BDA0D9-5DAC-4059-B09B-9A2422BD2FAD}.Release|Any CPU.ActiveCfg = Release|Any CPU
		{B0BDA0D9-5DAC-4059-B09B-9A2422BD2FAD}.Release|Any CPU.Build.0 = Release|Any CPU
		{B0BDA0D9-5DAC-4059-B09B-9A2422BD2FAD}.Release|Any CPU.Deploy.0 = Release|Any CPU
		{B0BDA0D9-5DAC-4059-B09B-9A2422BD2FAD}.Release|ARM.ActiveCfg = Release|Any CPU
		{B0BDA0D9-5DAC-4059-B09B-9A2422BD2FAD}.Release|ARM.Build.0 = Release|Any CPU
		{B0BDA0D9-5DAC-4059-B09B-9A2422BD2FAD}.Release|ARM.Deploy.0 = Release|Any CPU
		{B0BDA0D9-5DAC-4059-B09B-9A2422BD2FAD}.Release|iPhone.ActiveCfg = Release|Any CPU
		{B0BDA0D9-5DAC-4059-B09B-9A2422BD2FAD}.Release|iPhone.Build.0 = Release|Any CPU
		{B0BDA0D9-5DAC-4059-B09B-9A2422BD2FAD}.Release|iPhone.Deploy.0 = Release|Any CPU
		{B0BDA0D9-5DAC-4059-B09B-9A2422BD2FAD}.Release|iPhoneSimulator.ActiveCfg = Release|Any CPU
		{B0BDA0D9-5DAC-4059-B09B-9A2422BD2FAD}.Release|iPhoneSimulator.Build.0 = Release|Any CPU
		{B0BDA0D9-5DAC-4059-B09B-9A2422BD2FAD}.Release|iPhoneSimulator.Deploy.0 = Release|Any CPU
		{B0BDA0D9-5DAC-4059-B09B-9A2422BD2FAD}.Release|x64.ActiveCfg = Release|Any CPU
		{B0BDA0D9-5DAC-4059-B09B-9A2422BD2FAD}.Release|x64.Build.0 = Release|Any CPU
		{B0BDA0D9-5DAC-4059-B09B-9A2422BD2FAD}.Release|x64.Deploy.0 = Release|Any CPU
		{B0BDA0D9-5DAC-4059-B09B-9A2422BD2FAD}.Release|x86.ActiveCfg = Release|Any CPU
		{B0BDA0D9-5DAC-4059-B09B-9A2422BD2FAD}.Release|x86.Build.0 = Release|Any CPU
		{B0BDA0D9-5DAC-4059-B09B-9A2422BD2FAD}.Release|x86.Deploy.0 = Release|Any CPU
		{054E64B6-9D83-47F2-AC50-15EB6AAD1FD9}.Debug|Any CPU.ActiveCfg = Debug|iPhoneSimulator
		{054E64B6-9D83-47F2-AC50-15EB6AAD1FD9}.Debug|Any CPU.Build.0 = Debug|iPhoneSimulator
		{054E64B6-9D83-47F2-AC50-15EB6AAD1FD9}.Debug|Any CPU.Deploy.0 = Debug|iPhoneSimulator
		{054E64B6-9D83-47F2-AC50-15EB6AAD1FD9}.Debug|ARM.ActiveCfg = Debug|iPhone
		{054E64B6-9D83-47F2-AC50-15EB6AAD1FD9}.Debug|ARM.Build.0 = Debug|iPhone
		{054E64B6-9D83-47F2-AC50-15EB6AAD1FD9}.Debug|ARM.Deploy.0 = Debug|iPhone
		{054E64B6-9D83-47F2-AC50-15EB6AAD1FD9}.Debug|iPhone.ActiveCfg = Debug|iPhone
		{054E64B6-9D83-47F2-AC50-15EB6AAD1FD9}.Debug|iPhone.Build.0 = Debug|iPhone
		{054E64B6-9D83-47F2-AC50-15EB6AAD1FD9}.Debug|iPhone.Deploy.0 = Debug|iPhone
		{054E64B6-9D83-47F2-AC50-15EB6AAD1FD9}.Debug|iPhoneSimulator.ActiveCfg = Debug|iPhoneSimulator
		{054E64B6-9D83-47F2-AC50-15EB6AAD1FD9}.Debug|iPhoneSimulator.Build.0 = Debug|iPhoneSimulator
		{054E64B6-9D83-47F2-AC50-15EB6AAD1FD9}.Debug|iPhoneSimulator.Deploy.0 = Debug|iPhoneSimulator
		{054E64B6-9D83-47F2-AC50-15EB6AAD1FD9}.Debug|x64.ActiveCfg = Debug|iPhoneSimulator
		{054E64B6-9D83-47F2-AC50-15EB6AAD1FD9}.Debug|x64.Build.0 = Debug|iPhoneSimulator
		{054E64B6-9D83-47F2-AC50-15EB6AAD1FD9}.Debug|x64.Deploy.0 = Debug|iPhoneSimulator
		{054E64B6-9D83-47F2-AC50-15EB6AAD1FD9}.Debug|x86.ActiveCfg = Debug|iPhoneSimulator
		{054E64B6-9D83-47F2-AC50-15EB6AAD1FD9}.Debug|x86.Build.0 = Debug|iPhoneSimulator
		{054E64B6-9D83-47F2-AC50-15EB6AAD1FD9}.Debug|x86.Deploy.0 = Debug|iPhoneSimulator
		{054E64B6-9D83-47F2-AC50-15EB6AAD1FD9}.Release|Any CPU.ActiveCfg = Release|iPhoneSimulator
		{054E64B6-9D83-47F2-AC50-15EB6AAD1FD9}.Release|Any CPU.Build.0 = Release|iPhoneSimulator
		{054E64B6-9D83-47F2-AC50-15EB6AAD1FD9}.Release|Any CPU.Deploy.0 = Release|iPhoneSimulator
		{054E64B6-9D83-47F2-AC50-15EB6AAD1FD9}.Release|ARM.ActiveCfg = Release|iPhoneSimulator
		{054E64B6-9D83-47F2-AC50-15EB6AAD1FD9}.Release|ARM.Build.0 = Release|iPhoneSimulator
		{054E64B6-9D83-47F2-AC50-15EB6AAD1FD9}.Release|ARM.Deploy.0 = Release|iPhoneSimulator
		{054E64B6-9D83-47F2-AC50-15EB6AAD1FD9}.Release|iPhone.ActiveCfg = Release|iPhone
		{054E64B6-9D83-47F2-AC50-15EB6AAD1FD9}.Release|iPhone.Build.0 = Release|iPhone
		{054E64B6-9D83-47F2-AC50-15EB6AAD1FD9}.Release|iPhone.Deploy.0 = Release|iPhone
		{054E64B6-9D83-47F2-AC50-15EB6AAD1FD9}.Release|iPhoneSimulator.ActiveCfg = Release|iPhoneSimulator
		{054E64B6-9D83-47F2-AC50-15EB6AAD1FD9}.Release|iPhoneSimulator.Build.0 = Release|iPhoneSimulator
		{054E64B6-9D83-47F2-AC50-15EB6AAD1FD9}.Release|iPhoneSimulator.Deploy.0 = Release|iPhoneSimulator
		{054E64B6-9D83-47F2-AC50-15EB6AAD1FD9}.Release|x64.ActiveCfg = Release|iPhoneSimulator
		{054E64B6-9D83-47F2-AC50-15EB6AAD1FD9}.Release|x64.Build.0 = Release|iPhoneSimulator
		{054E64B6-9D83-47F2-AC50-15EB6AAD1FD9}.Release|x64.Deploy.0 = Release|iPhoneSimulator
		{054E64B6-9D83-47F2-AC50-15EB6AAD1FD9}.Release|x86.ActiveCfg = Release|iPhoneSimulator
		{054E64B6-9D83-47F2-AC50-15EB6AAD1FD9}.Release|x86.Build.0 = Release|iPhoneSimulator
		{054E64B6-9D83-47F2-AC50-15EB6AAD1FD9}.Release|x86.Deploy.0 = Release|iPhoneSimulator
		{D32A60A9-9AC1-427A-8EF5-12C93859743A}.Debug|Any CPU.ActiveCfg = Debug|Any CPU
		{D32A60A9-9AC1-427A-8EF5-12C93859743A}.Debug|Any CPU.Build.0 = Debug|Any CPU
		{D32A60A9-9AC1-427A-8EF5-12C93859743A}.Debug|Any CPU.Deploy.0 = Debug|Any CPU
		{D32A60A9-9AC1-427A-8EF5-12C93859743A}.Debug|ARM.ActiveCfg = Debug|Any CPU
		{D32A60A9-9AC1-427A-8EF5-12C93859743A}.Debug|ARM.Build.0 = Debug|Any CPU
		{D32A60A9-9AC1-427A-8EF5-12C93859743A}.Debug|ARM.Deploy.0 = Debug|Any CPU
		{D32A60A9-9AC1-427A-8EF5-12C93859743A}.Debug|iPhone.ActiveCfg = Debug|Any CPU
		{D32A60A9-9AC1-427A-8EF5-12C93859743A}.Debug|iPhone.Build.0 = Debug|Any CPU
		{D32A60A9-9AC1-427A-8EF5-12C93859743A}.Debug|iPhone.Deploy.0 = Debug|Any CPU
		{D32A60A9-9AC1-427A-8EF5-12C93859743A}.Debug|iPhoneSimulator.ActiveCfg = Debug|Any CPU
		{D32A60A9-9AC1-427A-8EF5-12C93859743A}.Debug|iPhoneSimulator.Build.0 = Debug|Any CPU
		{D32A60A9-9AC1-427A-8EF5-12C93859743A}.Debug|iPhoneSimulator.Deploy.0 = Debug|Any CPU
		{D32A60A9-9AC1-427A-8EF5-12C93859743A}.Debug|x64.ActiveCfg = Debug|Any CPU
		{D32A60A9-9AC1-427A-8EF5-12C93859743A}.Debug|x64.Build.0 = Debug|Any CPU
		{D32A60A9-9AC1-427A-8EF5-12C93859743A}.Debug|x64.Deploy.0 = Debug|Any CPU
		{D32A60A9-9AC1-427A-8EF5-12C93859743A}.Debug|x86.ActiveCfg = Debug|Any CPU
		{D32A60A9-9AC1-427A-8EF5-12C93859743A}.Debug|x86.Build.0 = Debug|Any CPU
		{D32A60A9-9AC1-427A-8EF5-12C93859743A}.Debug|x86.Deploy.0 = Debug|Any CPU
		{D32A60A9-9AC1-427A-8EF5-12C93859743A}.Release|Any CPU.ActiveCfg = Release|Any CPU
		{D32A60A9-9AC1-427A-8EF5-12C93859743A}.Release|Any CPU.Build.0 = Release|Any CPU
		{D32A60A9-9AC1-427A-8EF5-12C93859743A}.Release|Any CPU.Deploy.0 = Release|Any CPU
		{D32A60A9-9AC1-427A-8EF5-12C93859743A}.Release|ARM.ActiveCfg = Release|Any CPU
		{D32A60A9-9AC1-427A-8EF5-12C93859743A}.Release|ARM.Build.0 = Release|Any CPU
		{D32A60A9-9AC1-427A-8EF5-12C93859743A}.Release|ARM.Deploy.0 = Release|Any CPU
		{D32A60A9-9AC1-427A-8EF5-12C93859743A}.Release|iPhone.ActiveCfg = Release|Any CPU
		{D32A60A9-9AC1-427A-8EF5-12C93859743A}.Release|iPhone.Build.0 = Release|Any CPU
		{D32A60A9-9AC1-427A-8EF5-12C93859743A}.Release|iPhone.Deploy.0 = Release|Any CPU
		{D32A60A9-9AC1-427A-8EF5-12C93859743A}.Release|iPhoneSimulator.ActiveCfg = Release|Any CPU
		{D32A60A9-9AC1-427A-8EF5-12C93859743A}.Release|iPhoneSimulator.Build.0 = Release|Any CPU
		{D32A60A9-9AC1-427A-8EF5-12C93859743A}.Release|iPhoneSimulator.Deploy.0 = Release|Any CPU
		{D32A60A9-9AC1-427A-8EF5-12C93859743A}.Release|x64.ActiveCfg = Release|Any CPU
		{D32A60A9-9AC1-427A-8EF5-12C93859743A}.Release|x64.Build.0 = Release|Any CPU
		{D32A60A9-9AC1-427A-8EF5-12C93859743A}.Release|x64.Deploy.0 = Release|Any CPU
		{D32A60A9-9AC1-427A-8EF5-12C93859743A}.Release|x86.ActiveCfg = Release|Any CPU
		{D32A60A9-9AC1-427A-8EF5-12C93859743A}.Release|x86.Build.0 = Release|Any CPU
		{D32A60A9-9AC1-427A-8EF5-12C93859743A}.Release|x86.Deploy.0 = Release|Any CPU
	EndGlobalSection
	GlobalSection(SolutionProperties) = preSolution
		HideSolutionNode = FALSE
	EndGlobalSection
	GlobalSection(ExtensibilityGlobals) = postSolution
		SolutionGuid = {5145F464-3B41-40F1-B140-F05DD1353437}
	EndGlobalSection
EndGlobal
